# THIS IS AN AUTOGENERATED FILE. DO NOT EDIT THIS FILE DIRECTLY.
# yarn lockfile v1


typescript@>4.0.0:
  version "5.6.3"
  resolved "https://registry.yarnpkg.com/typescript/-/typescript-5.6.3.tgz#5f3449e31c9d94febb17de03cc081dd56d81db5b"
  integrity sha512-hjcS1mhfuyi4WW8IWtjP7brDrG2cuDZukyrYrSauoXGNgx0S7zceP07adYkJycEr56BOUTNPzbInooiN3fn1qw==

unionize@^3.1.0:
  version "3.1.0"
  resolved "https://registry.yarnpkg.com/unionize/-/unionize-3.1.0.tgz#0a94d5b9e700a23d158ccb234bbf5fd371e8ccc3"
  integrity sha512-LQZvbanzvpzvK0QYgRvnaA9VVe+g4nTbRlyoGGWDKFrZn0HJnDN5LC2Ti0+BxpKKOCrL3BQcRBVFPy/t12Y24Q==
